// !$*UTF8*$!
{
	archiveVersion = 1;
	classes = {
	};
	objectVersion = 50;
	objects = {

/* Begin PBXBuildFile section */
		451C8723B3179BB479353EE1 /* Pods_ParstagramTests.framework in Frameworks */ = {isa = PBXBuildFile; fileRef = 19E64F363AEFBDE566CBF5C3 /* Pods_ParstagramTests.framework */; };
		6229E0319FBD9C45ADF0CD69 /* Pods_Parstagram.framework in Frameworks */ = {isa = PBXBuildFile; fileRef = 8666A2832906E2EF63CF5AFA /* Pods_Parstagram.framework */; };
		8B53163D935A16B357BA9467 /* Pods_ParstagramUITests.framework in Frameworks */ = {isa = PBXBuildFile; fileRef = 5DDF7C680634DBEF32BC5EFE /* Pods_ParstagramUITests.framework */; };
		9463C73922445B3E0023C825 /* LoginViewController.swift in Sources */ = {isa = PBXBuildFile; fileRef = 9463C73822445B3E0023C825 /* LoginViewController.swift */; };
		9463C73B22445B4F0023C825 /* FeedViewController.swift in Sources */ = {isa = PBXBuildFile; fileRef = 9463C73A22445B4F0023C825 /* FeedViewController.swift */; };
		9463C73D224466D10023C825 /* CameraViewController.swift in Sources */ = {isa = PBXBuildFile; fileRef = 9463C73C224466D10023C825 /* CameraViewController.swift */; };
		9463C73F224AA77F0023C825 /* PostCell.swift in Sources */ = {isa = PBXBuildFile; fileRef = 9463C73E224AA77F0023C825 /* PostCell.swift */; };
		94E14041224444A600ECADF4 /* AppDelegate.swift in Sources */ = {isa = PBXBuildFile; fileRef = 94E14040224444A600ECADF4 /* AppDelegate.swift */; };
		94E14046224444A600ECADF4 /* Main.storyboard in Resources */ = {isa = PBXBuildFile; fileRef = 94E14044224444A600ECADF4 /* Main.storyboard */; };
		94E14048224444A800ECADF4 /* Assets.xcassets in Resources */ = {isa = PBXBuildFile; fileRef = 94E14047224444A800ECADF4 /* Assets.xcassets */; };
		94E1404B224444A800ECADF4 /* LaunchScreen.storyboard in Resources */ = {isa = PBXBuildFile; fileRef = 94E14049224444A800ECADF4 /* LaunchScreen.storyboard */; };
		94E14056224444A800ECADF4 /* ParstagramTests.swift in Sources */ = {isa = PBXBuildFile; fileRef = 94E14055224444A800ECADF4 /* ParstagramTests.swift */; };
		94E14061224444A800ECADF4 /* ParstagramUITests.swift in Sources */ = {isa = PBXBuildFile; fileRef = 94E14060224444A800ECADF4 /* ParstagramUITests.swift */; };
/* End PBXBuildFile section */

/* Begin PBXContainerItemProxy section */
		94E14052224444A800ECADF4 /* PBXContainerItemProxy */ = {
			isa = PBXContainerItemProxy;
			containerPortal = 94E14035224444A600ECADF4 /* Project object */;
			proxyType = 1;
			remoteGlobalIDString = 94E1403C224444A600ECADF4;
			remoteInfo = Parstagram;
		};
		94E1405D224444A800ECADF4 /* PBXContainerItemProxy */ = {
			isa = PBXContainerItemProxy;
			containerPortal = 94E14035224444A600ECADF4 /* Project object */;
			proxyType = 1;
			remoteGlobalIDString = 94E1403C224444A600ECADF4;
			remoteInfo = Parstagram;
		};
/* End PBXContainerItemProxy section */

/* Begin PBXFileReference section */
		19E64F363AEFBDE566CBF5C3 /* Pods_ParstagramTests.framework */ = {isa = PBXFileReference; explicitFileType = wrapper.framework; includeInIndex = 0; path = Pods_ParstagramTests.framework; sourceTree = BUILT_PRODUCTS_DIR; };
		393240893A0366AD586F9AE9 /* Pods-ParstagramTests.debug.xcconfig */ = {isa = PBXFileReference; includeInIndex = 1; lastKnownFileType = text.xcconfig; name = "Pods-ParstagramTests.debug.xcconfig"; path = "Target Support Files/Pods-ParstagramTests/Pods-ParstagramTests.debug.xcconfig"; sourceTree = "<group>"; };
		3D1191EE9F95085D6F48CB1F /* Pods-ParstagramUITests.debug.xcconfig */ = {isa = PBXFileReference; includeInIndex = 1; lastKnownFileType = text.xcconfig; name = "Pods-ParstagramUITests.debug.xcconfig"; path = "Target Support Files/Pods-ParstagramUITests/Pods-ParstagramUITests.debug.xcconfig"; sourceTree = "<group>"; };
		5DDF7C680634DBEF32BC5EFE /* Pods_ParstagramUITests.framework */ = {isa = PBXFileReference; explicitFileType = wrapper.framework; includeInIndex = 0; path = Pods_ParstagramUITests.framework; sourceTree = BUILT_PRODUCTS_DIR; };
		6823FC455C862E83D3CB34CA /* Pods-ParstagramUITests.release.xcconfig */ = {isa = PBXFileReference; includeInIndex = 1; lastKnownFileType = text.xcconfig; name = "Pods-ParstagramUITests.release.xcconfig"; path = "Target Support Files/Pods-ParstagramUITests/Pods-ParstagramUITests.release.xcconfig"; sourceTree = "<group>"; };
		82E6E7FA9939C1108BCB9284 /* Pods-ParstagramTests.release.xcconfig */ = {isa = PBXFileReference; includeInIndex = 1; lastKnownFileType = text.xcconfig; name = "Pods-ParstagramTests.release.xcconfig"; path = "Target Support Files/Pods-ParstagramTests/Pods-ParstagramTests.release.xcconfig"; sourceTree = "<group>"; };
		8666A2832906E2EF63CF5AFA /* Pods_Parstagram.framework */ = {isa = PBXFileReference; explicitFileType = wrapper.framework; includeInIndex = 0; path = Pods_Parstagram.framework; sourceTree = BUILT_PRODUCTS_DIR; };
		9463C73822445B3E0023C825 /* LoginViewController.swift */ = {isa = PBXFileReference; lastKnownFileType = sourcecode.swift; path = LoginViewController.swift; sourceTree = "<group>"; };
		9463C73A22445B4F0023C825 /* FeedViewController.swift */ = {isa = PBXFileReference; lastKnownFileType = sourcecode.swift; path = FeedViewController.swift; sourceTree = "<group>"; };
		9463C73C224466D10023C825 /* CameraViewController.swift */ = {isa = PBXFileReference; lastKnownFileType = sourcecode.swift; path = CameraViewController.swift; sourceTree = "<group>"; };
		9463C73E224AA77F0023C825 /* PostCell.swift */ = {isa = PBXFileReference; lastKnownFileType = sourcecode.swift; path = PostCell.swift; sourceTree = "<group>"; };
		94E1403D224444A600ECADF4 /* Parstagram.app */ = {isa = PBXFileReference; explicitFileType = wrapper.application; includeInIndex = 0; path = Parstagram.app; sourceTree = BUILT_PRODUCTS_DIR; };
		94E14040224444A600ECADF4 /* AppDelegate.swift */ = {isa = PBXFileReference; lastKnownFileType = sourcecode.swift; path = AppDelegate.swift; sourceTree = "<group>"; };
		94E14045224444A600ECADF4 /* Base */ = {isa = PBXFileReference; lastKnownFileType = file.storyboard; name = Base; path = Base.lproj/Main.storyboard; sourceTree = "<group>"; };
		94E14047224444A800ECADF4 /* Assets.xcassets */ = {isa = PBXFileReference; lastKnownFileType = folder.assetcatalog; path = Assets.xcassets; sourceTree = "<group>"; };
		94E1404A224444A800ECADF4 /* Base */ = {isa = PBXFileReference; lastKnownFileType = file.storyboard; name = Base; path = Base.lproj/LaunchScreen.storyboard; sourceTree = "<group>"; };
		94E1404C224444A800ECADF4 /* Info.plist */ = {isa = PBXFileReference; lastKnownFileType = text.plist.xml; path = Info.plist; sourceTree = "<group>"; };
		94E14051224444A800ECADF4 /* ParstagramTests.xctest */ = {isa = PBXFileReference; explicitFileType = wrapper.cfbundle; includeInIndex = 0; path = ParstagramTests.xctest; sourceTree = BUILT_PRODUCTS_DIR; };
		94E14055224444A800ECADF4 /* ParstagramTests.swift */ = {isa = PBXFileReference; lastKnownFileType = sourcecode.swift; path = ParstagramTests.swift; sourceTree = "<group>"; };
		94E14057224444A800ECADF4 /* Info.plist */ = {isa = PBXFileReference; lastKnownFileType = text.plist.xml; path = Info.plist; sourceTree = "<group>"; };
		94E1405C224444A800ECADF4 /* ParstagramUITests.xctest */ = {isa = PBXFileReference; explicitFileType = wrapper.cfbundle; includeInIndex = 0; path = ParstagramUITests.xctest; sourceTree = BUILT_PRODUCTS_DIR; };
		94E14060224444A800ECADF4 /* ParstagramUITests.swift */ = {isa = PBXFileReference; lastKnownFileType = sourcecode.swift; path = ParstagramUITests.swift; sourceTree = "<group>"; };
		94E14062224444A800ECADF4 /* Info.plist */ = {isa = PBXFileReference; lastKnownFileType = text.plist.xml; path = Info.plist; sourceTree = "<group>"; };
		DEBADC24124BF5AEFD10EC2F /* Pods-Parstagram.release.xcconfig */ = {isa = PBXFileReference; includeInIndex = 1; lastKnownFileType = text.xcconfig; name = "Pods-Parstagram.release.xcconfig"; path = "Target Support Files/Pods-Parstagram/Pods-Parstagram.release.xcconfig"; sourceTree = "<group>"; };
		F854912C1E9A982490B296DF /* Pods-Parstagram.debug.xcconfig */ = {isa = PBXFileReference; includeInIndex = 1; lastKnownFileType = text.xcconfig; name = "Pods-Parstagram.debug.xcconfig"; path = "Target Support Files/Pods-Parstagram/Pods-Parstagram.debug.xcconfig"; sourceTree = "<group>"; };
/* End PBXFileReference section */

/* Begin PBXFrameworksBuildPhase section */
		94E1403A224444A600ECADF4 /* Frameworks */ = {
			isa = PBXFrameworksBuildPhase;
			buildActionMask = 2147483647;
			files = (
				6229E0319FBD9C45ADF0CD69 /* Pods_Parstagram.framework in Frameworks */,
			);
			runOnlyForDeploymentPostprocessing = 0;
		};
		94E1404E224444A800ECADF4 /* Frameworks */ = {
			isa = PBXFrameworksBuildPhase;
			buildActionMask = 2147483647;
			files = (
				451C8723B3179BB479353EE1 /* Pods_ParstagramTests.framework in Frameworks */,
			);
			runOnlyForDeploymentPostprocessing = 0;
		};
		94E14059224444A800ECADF4 /* Frameworks */ = {
			isa = PBXFrameworksBuildPhase;
			buildActionMask = 2147483647;
			files = (
				8B53163D935A16B357BA9467 /* Pods_ParstagramUITests.framework in Frameworks */,
			);
			runOnlyForDeploymentPostprocessing = 0;
		};
/* End PBXFrameworksBuildPhase section */

/* Begin PBXGroup section */
		0E913A8A5B2D40A80DAD60AE /* Frameworks */ = {
			isa = PBXGroup;
			children = (
				8666A2832906E2EF63CF5AFA /* Pods_Parstagram.framework */,
				19E64F363AEFBDE566CBF5C3 /* Pods_ParstagramTests.framework */,
				5DDF7C680634DBEF32BC5EFE /* Pods_ParstagramUITests.framework */,
			);
			name = Frameworks;
			sourceTree = "<group>";
		};
		646899AE9C851FEE8A0A19AB /* Pods */ = {
			isa = PBXGroup;
			children = (
				F854912C1E9A982490B296DF /* Pods-Parstagram.debug.xcconfig */,
				DEBADC24124BF5AEFD10EC2F /* Pods-Parstagram.release.xcconfig */,
				393240893A0366AD586F9AE9 /* Pods-ParstagramTests.debug.xcconfig */,
				82E6E7FA9939C1108BCB9284 /* Pods-ParstagramTests.release.xcconfig */,
				3D1191EE9F95085D6F48CB1F /* Pods-ParstagramUITests.debug.xcconfig */,
				6823FC455C862E83D3CB34CA /* Pods-ParstagramUITests.release.xcconfig */,
			);
			path = Pods;
			sourceTree = "<group>";
		};
		94E14034224444A600ECADF4 = {
			isa = PBXGroup;
			children = (
				94E1403F224444A600ECADF4 /* Parstagram */,
				94E14054224444A800ECADF4 /* ParstagramTests */,
				94E1405F224444A800ECADF4 /* ParstagramUITests */,
				94E1403E224444A600ECADF4 /* Products */,
				646899AE9C851FEE8A0A19AB /* Pods */,
				0E913A8A5B2D40A80DAD60AE /* Frameworks */,
			);
			sourceTree = "<group>";
		};
		94E1403E224444A600ECADF4 /* Products */ = {
			isa = PBXGroup;
			children = (
				94E1403D224444A600ECADF4 /* Parstagram.app */,
				94E14051224444A800ECADF4 /* ParstagramTests.xctest */,
				94E1405C224444A800ECADF4 /* ParstagramUITests.xctest */,
			);
			name = Products;
			sourceTree = "<group>";
		};
		94E1403F224444A600ECADF4 /* Parstagram */ = {
			isa = PBXGroup;
			children = (
				94E14040224444A600ECADF4 /* AppDelegate.swift */,
				94E14044224444A600ECADF4 /* Main.storyboard */,
				9463C73C224466D10023C825 /* CameraViewController.swift */,
				94E14047224444A800ECADF4 /* Assets.xcassets */,
				94E14049224444A800ECADF4 /* LaunchScreen.storyboard */,
				94E1404C224444A800ECADF4 /* Info.plist */,
				9463C73822445B3E0023C825 /* LoginViewController.swift */,
				9463C73A22445B4F0023C825 /* FeedViewController.swift */,
				9463C73E224AA77F0023C825 /* PostCell.swift */,
			);
			path = Parstagram;
			sourceTree = "<group>";
		};
		94E14054224444A800ECADF4 /* ParstagramTests */ = {
			isa = PBXGroup;
			children = (
				94E14055224444A800ECADF4 /* ParstagramTests.swift */,
				94E14057224444A800ECADF4 /* Info.plist */,
			);
			path = ParstagramTests;
			sourceTree = "<group>";
		};
		94E1405F224444A800ECADF4 /* ParstagramUITests */ = {
			isa = PBXGroup;
			children = (
				94E14060224444A800ECADF4 /* ParstagramUITests.swift */,
				94E14062224444A800ECADF4 /* Info.plist */,
			);
			path = ParstagramUITests;
			sourceTree = "<group>";
		};
/* End PBXGroup section */

/* Begin PBXNativeTarget section */
		94E1403C224444A600ECADF4 /* Parstagram */ = {
			isa = PBXNativeTarget;
			buildConfigurationList = 94E14065224444A800ECADF4 /* Build configuration list for PBXNativeTarget "Parstagram" */;
			buildPhases = (
				136282F8C66210D490D981E9 /* [CP] Check Pods Manifest.lock */,
				94E14039224444A600ECADF4 /* Sources */,
				94E1403A224444A600ECADF4 /* Frameworks */,
				94E1403B224444A600ECADF4 /* Resources */,
				022D1CF0985212B20603284B /* [CP] Embed Pods Frameworks */,
			);
			buildRules = (
			);
			dependencies = (
			);
			name = Parstagram;
			productName = Parstagram;
			productReference = 94E1403D224444A600ECADF4 /* Parstagram.app */;
			productType = "com.apple.product-type.application";
		};
		94E14050224444A800ECADF4 /* ParstagramTests */ = {
			isa = PBXNativeTarget;
			buildConfigurationList = 94E14068224444A800ECADF4 /* Build configuration list for PBXNativeTarget "ParstagramTests" */;
			buildPhases = (
				9CA1BEA8F56ABDBFC553E944 /* [CP] Check Pods Manifest.lock */,
				94E1404D224444A800ECADF4 /* Sources */,
				94E1404E224444A800ECADF4 /* Frameworks */,
				94E1404F224444A800ECADF4 /* Resources */,
			);
			buildRules = (
			);
			dependencies = (
				94E14053224444A800ECADF4 /* PBXTargetDependency */,
			);
			name = ParstagramTests;
			productName = ParstagramTests;
			productReference = 94E14051224444A800ECADF4 /* ParstagramTests.xctest */;
			productType = "com.apple.product-type.bundle.unit-test";
		};
		94E1405B224444A800ECADF4 /* ParstagramUITests */ = {
			isa = PBXNativeTarget;
			buildConfigurationList = 94E1406B224444A800ECADF4 /* Build configuration list for PBXNativeTarget "ParstagramUITests" */;
			buildPhases = (
				FCC1701AA9C2FF5DC954677E /* [CP] Check Pods Manifest.lock */,
				94E14058224444A800ECADF4 /* Sources */,
				94E14059224444A800ECADF4 /* Frameworks */,
				94E1405A224444A800ECADF4 /* Resources */,
			);
			buildRules = (
			);
			dependencies = (
				94E1405E224444A800ECADF4 /* PBXTargetDependency */,
			);
			name = ParstagramUITests;
			productName = ParstagramUITests;
			productReference = 94E1405C224444A800ECADF4 /* ParstagramUITests.xctest */;
			productType = "com.apple.product-type.bundle.ui-testing";
		};
/* End PBXNativeTarget section */

/* Begin PBXProject section */
		94E14035224444A600ECADF4 /* Project object */ = {
			isa = PBXProject;
			attributes = {
				LastSwiftUpdateCheck = 1010;
				LastUpgradeCheck = 1010;
				ORGANIZATIONNAME = "Ryan Downs";
				TargetAttributes = {
					94E1403C224444A600ECADF4 = {
						CreatedOnToolsVersion = 10.1;
					};
					94E14050224444A800ECADF4 = {
						CreatedOnToolsVersion = 10.1;
						TestTargetID = 94E1403C224444A600ECADF4;
					};
					94E1405B224444A800ECADF4 = {
						CreatedOnToolsVersion = 10.1;
						TestTargetID = 94E1403C224444A600ECADF4;
					};
				};
			};
			buildConfigurationList = 94E14038224444A600ECADF4 /* Build configuration list for PBXProject "Parstagram" */;
			compatibilityVersion = "Xcode 9.3";
			developmentRegion = en;
			hasScannedForEncodings = 0;
			knownRegions = (
				en,
				Base,
			);
			mainGroup = 94E14034224444A600ECADF4;
			productRefGroup = 94E1403E224444A600ECADF4 /* Products */;
			projectDirPath = "";
			projectRoot = "";
			targets = (
				94E1403C224444A600ECADF4 /* Parstagram */,
				94E14050224444A800ECADF4 /* ParstagramTests */,
				94E1405B224444A800ECADF4 /* ParstagramUITests */,
			);
		};
/* End PBXProject section */

/* Begin PBXResourcesBuildPhase section */
		94E1403B224444A600ECADF4 /* Resources */ = {
			isa = PBXResourcesBuildPhase;
			buildActionMask = 2147483647;
			files = (
				94E1404B224444A800ECADF4 /* LaunchScreen.storyboard in Resources */,
				94E14048224444A800ECADF4 /* Assets.xcassets in Resources */,
				94E14046224444A600ECADF4 /* Main.storyboard in Resources */,
			);
			runOnlyForDeploymentPostprocessing = 0;
		};
		94E1404F224444A800ECADF4 /* Resources */ = {
			isa = PBXResourcesBuildPhase;
			buildActionMask = 2147483647;
			files = (
			);
			runOnlyForDeploymentPostprocessing = 0;
		};
		94E1405A224444A800ECADF4 /* Resources */ = {
			isa = PBXResourcesBuildPhase;
			buildActionMask = 2147483647;
			files = (
			);
			runOnlyForDeploymentPostprocessing = 0;
		};
/* End PBXResourcesBuildPhase section */

/* Begin PBXShellScriptBuildPhase section */
		022D1CF0985212B20603284B /* [CP] Embed Pods Frameworks */ = {
			isa = PBXShellScriptBuildPhase;
			buildActionMask = 2147483647;
			files = (
			);
			inputFileListPaths = (
			);
			inputPaths = (
				"${PODS_ROOT}/Target Support Files/Pods-Parstagram/Pods-Parstagram-frameworks.sh",
				"${BUILT_PRODUCTS_DIR}/Alamofire/Alamofire.framework",
				"${BUILT_PRODUCTS_DIR}/AlamofireImage/AlamofireImage.framework",
				"${BUILT_PRODUCTS_DIR}/Bolts/Bolts.framework",
				"${BUILT_PRODUCTS_DIR}/Parse/Parse.framework",
			);
			name = "[CP] Embed Pods Frameworks";
			outputFileListPaths = (
			);
			outputPaths = (
				"${TARGET_BUILD_DIR}/${FRAMEWORKS_FOLDER_PATH}/Alamofire.framework",
				"${TARGET_BUILD_DIR}/${FRAMEWORKS_FOLDER_PATH}/AlamofireImage.framework",
				"${TARGET_BUILD_DIR}/${FRAMEWORKS_FOLDER_PATH}/Bolts.framework",
				"${TARGET_BUILD_DIR}/${FRAMEWORKS_FOLDER_PATH}/Parse.framework",
			);
			runOnlyForDeploymentPostprocessing = 0;
			shellPath = /bin/sh;
			shellScript = "\"${PODS_ROOT}/Target Support Files/Pods-Parstagram/Pods-Parstagram-frameworks.sh\"\n";
			showEnvVarsInLog = 0;
		};
		136282F8C66210D490D981E9 /* [CP] Check Pods Manifest.lock */ = {
			isa = PBXShellScriptBuildPhase;
			buildActionMask = 2147483647;
			files = (
			);
			inputFileListPaths = (
			);
			inputPaths = (
				"${PODS_PODFILE_DIR_PATH}/Podfile.lock",
				"${PODS_ROOT}/Manifest.lock",
			);
			name = "[CP] Check Pods Manifest.lock";
			outputFileListPaths = (
			);
			outputPaths = (
				"$(DERIVED_FILE_DIR)/Pods-Parstagram-checkManifestLockResult.txt",
			);
			runOnlyForDeploymentPostprocessing = 0;
			shellPath = /bin/sh;
			shellScript = "diff \"${PODS_PODFILE_DIR_PATH}/Podfile.lock\" \"${PODS_ROOT}/Manifest.lock\" > /dev/null\nif [ $? != 0 ] ; then\n    # print error to STDERR\n    echo \"error: The sandbox is not in sync with the Podfile.lock. Run 'pod install' or update your CocoaPods installation.\" >&2\n    exit 1\nfi\n# This output is used by Xcode 'outputs' to avoid re-running this script phase.\necho \"SUCCESS\" > \"${SCRIPT_OUTPUT_FILE_0}\"\n";
			showEnvVarsInLog = 0;
		};
		9CA1BEA8F56ABDBFC553E944 /* [CP] Check Pods Manifest.lock */ = {
			isa = PBXShellScriptBuildPhase;
			buildActionMask = 2147483647;
			files = (
			);
			inputFileListPaths = (
			);
			inputPaths = (
				"${PODS_PODFILE_DIR_PATH}/Podfile.lock",
				"${PODS_ROOT}/Manifest.lock",
			);
			name = "[CP] Check Pods Manifest.lock";
			outputFileListPaths = (
			);
			outputPaths = (
				"$(DERIVED_FILE_DIR)/Pods-ParstagramTests-checkManifestLockResult.txt",
			);
			runOnlyForDeploymentPostprocessing = 0;
			shellPath = /bin/sh;
			shellScript = "diff \"${PODS_PODFILE_DIR_PATH}/Podfile.lock\" \"${PODS_ROOT}/Manifest.lock\" > /dev/null\nif [ $? != 0 ] ; then\n    # print error to STDERR\n    echo \"error: The sandbox is not in sync with the Podfile.lock. Run 'pod install' or update your CocoaPods installation.\" >&2\n    exit 1\nfi\n# This output is used by Xcode 'outputs' to avoid re-running this script phase.\necho \"SUCCESS\" > \"${SCRIPT_OUTPUT_FILE_0}\"\n";
			showEnvVarsInLog = 0;
		};
		FCC1701AA9C2FF5DC954677E /* [CP] Check Pods Manifest.lock */ = {
			isa = PBXShellScriptBuildPhase;
			buildActionMask = 2147483647;
			files = (
			);
			inputFileListPaths = (
			);
			inputPaths = (
				"${PODS_PODFILE_DIR_PATH}/Podfile.lock",
				"${PODS_ROOT}/Manifest.lock",
			);
			name = "[CP] Check Pods Manifest.lock";
			outputFileListPaths = (
			);
			outputPaths = (
				"$(DERIVED_FILE_DIR)/Pods-ParstagramUITests-checkManifestLockResult.txt",
			);
			runOnlyForDeploymentPostprocessing = 0;
			shellPath = /bin/sh;
			shellScript = "diff \"${PODS_PODFILE_DIR_PATH}/Podfile.lock\" \"${PODS_ROOT}/Manifest.lock\" > /dev/null\nif [ $? != 0 ] ; then\n    # print error to STDERR\n    echo \"error: The sandbox is not in sync with the Podfile.lock. Run 'pod install' or update your CocoaPods installation.\" >&2\n    exit 1\nfi\n# This output is used by Xcode 'outputs' to avoid re-running this script phase.\necho \"SUCCESS\" > \"${SCRIPT_OUTPUT_FILE_0}\"\n";
			showEnvVarsInLog = 0;
		};
/* End PBXShellScriptBuildPhase section */

/* Begin PBXSourcesBuildPhase section */
		94E14039224444A600ECADF4 /* Sources */ = {
			isa = PBXSourcesBuildPhase;
			buildActionMask = 2147483647;
			files = (
				9463C73922445B3E0023C825 /* LoginViewController.swift in Sources */,
				9463C73D224466D10023C825 /* CameraViewController.swift in Sources */,
				9463C73B22445B4F0023C825 /* FeedViewController.swift in Sources */,
				94E14041224444A600ECADF4 /* AppDelegate.swift in Sources */,
				9463C73F224AA77F0023C825 /* PostCell.swift in Sources */,
			);
			runOnlyForDeploymentPostprocessing = 0;
		};
		94E1404D224444A800ECADF4 /* Sources */ = {
			isa = PBXSourcesBuildPhase;
			buildActionMask = 2147483647;
			files = (
				94E14056224444A800ECADF4 /* ParstagramTests.swift in Sources */,
			);
			runOnlyForDeploymentPostprocessing = 0;
		};
		94E14058224444A800ECADF4 /* Sources */ = {
			isa = PBXSourcesBuildPhase;
			buildActionMask = 2147483647;
			files = (
				94E14061224444A800ECADF4 /* ParstagramUITests.swift in Sources */,
			);
			runOnlyForDeploymentPostprocessing = 0;
		};
/* End PBXSourcesBuildPhase section */

/* Begin PBXTargetDependency section */
		94E14053224444A800ECADF4 /* PBXTargetDependency */ = {
			isa = PBXTargetDependency;
			target = 94E1403C224444A600ECADF4 /* Parstagram */;
			targetProxy = 94E14052224444A800ECADF4 /* PBXContainerItemProxy */;
		};
		94E1405E224444A800ECADF4 /* PBXTargetDependency */ = {
			isa = PBXTargetDependency;
			target = 94E1403C224444A600ECADF4 /* Parstagram */;
			targetProxy = 94E1405D224444A800ECADF4 /* PBXContainerItemProxy */;
		};
/* End PBXTargetDependency section */

/* Begin PBXVariantGroup section */
		94E14044224444A600ECADF4 /* Main.storyboard */ = {
			isa = PBXVariantGroup;
			children = (
				94E14045224444A600ECADF4 /* Base */,
			);
			name = Main.storyboard;
			sourceTree = "<group>";
		};
		94E14049224444A800ECADF4 /* LaunchScreen.storyboard */ = {
			isa = PBXVariantGroup;
			children = (
				94E1404A224444A800ECADF4 /* Base */,
			);
			name = LaunchScreen.storyboard;
			sourceTree = "<group>";
		};
/* End PBXVariantGroup section */

/* Begin XCBuildConfiguration section */
		94E14063224444A800ECADF4 /* Debug */ = {
			isa = XCBuildConfiguration;
			buildSettings = {
				ALWAYS_SEARCH_USER_PATHS = NO;
				CLANG_ANALYZER_NONNULL = YES;
				CLANG_ANALYZER_NUMBER_OBJECT_CONVERSION = YES_AGGRESSIVE;
				CLANG_CXX_LANGUAGE_STANDARD = "gnu++14";
				CLANG_CXX_LIBRARY = "libc++";
				CLANG_ENABLE_MODULES = YES;
				CLANG_ENABLE_OBJC_ARC = YES;
				CLANG_ENABLE_OBJC_WEAK = YES;
				CLANG_WARN_BLOCK_CAPTURE_AUTORELEASING = YES;
				CLANG_WARN_BOOL_CONVERSION = YES;
				CLANG_WARN_COMMA = YES;
				CLANG_WARN_CONSTANT_CONVERSION = YES;
				CLANG_WARN_DEPRECATED_OBJC_IMPLEMENTATIONS = YES;
				CLANG_WARN_DIRECT_OBJC_ISA_USAGE = YES_ERROR;
				CLANG_WARN_DOCUMENTATION_COMMENTS = YES;
				CLANG_WARN_EMPTY_BODY = YES;
				CLANG_WARN_ENUM_CONVERSION = YES;
				CLANG_WARN_INFINITE_RECURSION = YES;
				CLANG_WARN_INT_CONVERSION = YES;
				CLANG_WARN_NON_LITERAL_NULL_CONVERSION = YES;
				CLANG_WARN_OBJC_IMPLICIT_RETAIN_SELF = YES;
				CLANG_WARN_OBJC_LITERAL_CONVERSION = YES;
				CLANG_WARN_OBJC_ROOT_CLASS = YES_ERROR;
				CLANG_WARN_RANGE_LOOP_ANALYSIS = YES;
				CLANG_WARN_STRICT_PROTOTYPES = YES;
				CLANG_WARN_SUSPICIOUS_MOVE = YES;
				CLANG_WARN_UNGUARDED_AVAILABILITY = YES_AGGRESSIVE;
				CLANG_WARN_UNREACHABLE_CODE = YES;
				CLANG_WARN__DUPLICATE_METHOD_MATCH = YES;
				CODE_SIGN_IDENTITY = "iPhone Developer";
				COPY_PHASE_STRIP = NO;
				DEBUG_INFORMATION_FORMAT = dwarf;
				ENABLE_STRICT_OBJC_MSGSEND = YES;
				ENABLE_TESTABILITY = YES;
				GCC_C_LANGUAGE_STANDARD = gnu11;
				GCC_DYNAMIC_NO_PIC = NO;
				GCC_NO_COMMON_BLOCKS = YES;
				GCC_OPTIMIZATION_LEVEL = 0;
				GCC_PREPROCESSOR_DEFINITIONS = (
					"DEBUG=1",
					"$(inherited)",
				);
				GCC_WARN_64_TO_32_BIT_CONVERSION = YES;
				GCC_WARN_ABOUT_RETURN_TYPE = YES_ERROR;
				GCC_WARN_UNDECLARED_SELECTOR = YES;
				GCC_WARN_UNINITIALIZED_AUTOS = YES_AGGRESSIVE;
				GCC_WARN_UNUSED_FUNCTION = YES;
				GCC_WARN_UNUSED_VARIABLE = YES;
				IPHONEOS_DEPLOYMENT_TARGET = 12.1;
				MTL_ENABLE_DEBUG_INFO = INCLUDE_SOURCE;
				MTL_FAST_MATH = YES;
				ONLY_ACTIVE_ARCH = YES;
				SDKROOT = iphoneos;
				SWIFT_ACTIVE_COMPILATION_CONDITIONS = DEBUG;
				SWIFT_OPTIMIZATION_LEVEL = "-Onone";
			};
			name = Debug;
		};
		94E14064224444A800ECADF4 /* Release */ = {
			isa = XCBuildConfiguration;
			buildSettings = {
				ALWAYS_SEARCH_USER_PATHS = NO;
				CLANG_ANALYZER_NONNULL = YES;
				CLANG_ANALYZER_NUMBER_OBJECT_CONVERSION = YES_AGGRESSIVE;
				CLANG_CXX_LANGUAGE_STANDARD = "gnu++14";
				CLANG_CXX_LIBRARY = "libc++";
				CLANG_ENABLE_MODULES = YES;
				CLANG_ENABLE_OBJC_ARC = YES;
				CLANG_ENABLE_OBJC_WEAK = YES;
				CLANG_WARN_BLOCK_CAPTURE_AUTORELEASING = YES;
				CLANG_WARN_BOOL_CONVERSION = YES;
				CLANG_WARN_COMMA = YES;
				CLANG_WARN_CONSTANT_CONVERSION = YES;
				CLANG_WARN_DEPRECATED_OBJC_IMPLEMENTATIONS = YES;
				CLANG_WARN_DIRECT_OBJC_ISA_USAGE = YES_ERROR;
				CLANG_WARN_DOCUMENTATION_COMMENTS = YES;
				CLANG_WARN_EMPTY_BODY = YES;
				CLANG_WARN_ENUM_CONVERSION = YES;
				CLANG_WARN_INFINITE_RECURSION = YES;
				CLANG_WARN_INT_CONVERSION = YES;
				CLANG_WARN_NON_LITERAL_NULL_CONVERSION = YES;
				CLANG_WARN_OBJC_IMPLICIT_RETAIN_SELF = YES;
				CLANG_WARN_OBJC_LITERAL_CONVERSION = YES;
				CLANG_WARN_OBJC_ROOT_CLASS = YES_ERROR;
				CLANG_WARN_RANGE_LOOP_ANALYSIS = YES;
				CLANG_WARN_STRICT_PROTOTYPES = YES;
				CLANG_WARN_SUSPICIOUS_MOVE = YES;
				CLANG_WARN_UNGUARDED_AVAILABILITY = YES_AGGRESSIVE;
				CLANG_WARN_UNREACHABLE_CODE = YES;
				CLANG_WARN__DUPLICATE_METHOD_MATCH = YES;
				CODE_SIGN_IDENTITY = "iPhone Developer";
				COPY_PHASE_STRIP = NO;
				DEBUG_INFORMATION_FORMAT = "dwarf-with-dsym";
				ENABLE_NS_ASSERTIONS = NO;
				ENABLE_STRICT_OBJC_MSGSEND = YES;
				GCC_C_LANGUAGE_STANDARD = gnu11;
				GCC_NO_COMMON_BLOCKS = YES;
				GCC_WARN_64_TO_32_BIT_CONVERSION = YES;
				GCC_WARN_ABOUT_RETURN_TYPE = YES_ERROR;
				GCC_WARN_UNDECLARED_SELECTOR = YES;
				GCC_WARN_UNINITIALIZED_AUTOS = YES_AGGRESSIVE;
				GCC_WARN_UNUSED_FUNCTION = YES;
				GCC_WARN_UNUSED_VARIABLE = YES;
				IPHONEOS_DEPLOYMENT_TARGET = 12.1;
				MTL_ENABLE_DEBUG_INFO = NO;
				MTL_FAST_MATH = YES;
				SDKROOT = iphoneos;
				SWIFT_COMPILATION_MODE = wholemodule;
				SWIFT_OPTIMIZATION_LEVEL = "-O";
				VALIDATE_PRODUCT = YES;
			};
			name = Release;
		};
		94E14066224444A800ECADF4 /* Debug */ = {
			isa = XCBuildConfiguration;
			baseConfigurationReference = F854912C1E9A982490B296DF /* Pods-Parstagram.debug.xcconfig */;
			buildSettings = {
				ASSETCATALOG_COMPILER_APPICON_NAME = AppIcon;
				CODE_SIGN_STYLE = Automatic;
				INFOPLIST_FILE = Parstagram/Info.plist;
				LD_RUNPATH_SEARCH_PATHS = (
					"$(inherited)",
					"@executable_path/Frameworks",
				);
				PRODUCT_BUNDLE_IDENTIFIER = RyanDowns.Parstagram;
				PRODUCT_NAME = "$(TARGET_NAME)";
				SWIFT_VERSION = 4.2;
				TARGETED_DEVICE_FAMILY = "1,2";
			};
			name = Debug;
		};
		94E14067224444A800ECADF4 /* Release */ = {
			isa = XCBuildConfiguration;
			baseConfigurationReference = DEBADC24124BF5AEFD10EC2F /* Pods-Parstagram.release.xcconfig */;
			buildSettings = {
				ASSETCATALOG_COMPILER_APPICON_NAME = AppIcon;
				CODE_SIGN_STYLE = Automatic;
				INFOPLIST_FILE = Parstagram/Info.plist;
				LD_RUNPATH_SEARCH_PATHS = (
					"$(inherited)",
					"@executable_path/Frameworks",
				);
				PRODUCT_BUNDLE_IDENTIFIER = RyanDowns.Parstagram;
				PRODUCT_NAME = "$(TARGET_NAME)";
				SWIFT_VERSION = 4.2;
				TARGETED_DEVICE_FAMILY = "1,2";
			};
			name = Release;
		};
		94E14069224444A800ECADF4 /* Debug */ = {
			isa = XCBuildConfiguration;
			baseConfigurationReference = 393240893A0366AD586F9AE9 /* Pods-ParstagramTests.debug.xcconfig */;
			buildSettings = {
				ALWAYS_EMBED_SWIFT_STANDARD_LIBRARIES = YES;
				BUNDLE_LOADER = "$(TEST_HOST)";
				CODE_SIGN_STYLE = Automatic;
				INFOPLIST_FILE = ParstagramTests/Info.plist;
				LD_RUNPATH_SEARCH_PATHS = (
					"$(inherited)",
					"@executable_path/Frameworks",
					"@loader_path/Frameworks",
				);
				PRODUCT_BUNDLE_IDENTIFIER = RyanDowns.ParstagramTests;
				PRODUCT_NAME = "$(TARGET_NAME)";
				SWIFT_VERSION = 4.2;
				TARGETED_DEVICE_FAMILY = "1,2";
				TEST_HOST = "$(BUILT_PRODUCTS_DIR)/Parstagram.app/Parstagram";
			};
			name = Debug;
		};
		94E1406A224444A800ECADF4 /* Release */ = {
			isa = XCBuildConfiguration;
			baseConfigurationReference = 82E6E7FA9939C1108BCB9284 /* Pods-ParstagramTests.release.xcconfig */;
			buildSettings = {
				ALWAYS_EMBED_SWIFT_STANDARD_LIBRARIES = YES;
				BUNDLE_LOADER = "$(TEST_HOST)";
				CODE_SIGN_STYLE = Automatic;
				INFOPLIST_FILE = ParstagramTests/Info.plist;
				LD_RUNPATH_SEARCH_PATHS = (
					"$(inherited)",
					"@executable_path/Frameworks",
					"@loader_path/Frameworks",
				);
				PRODUCT_BUNDLE_IDENTIFIER = RyanDowns.ParstagramTests;
				PRODUCT_NAME = "$(TARGET_NAME)";
				SWIFT_VERSION = 4.2;
				TARGETED_DEVICE_FAMILY = "1,2";
				TEST_HOST = "$(BUILT_PRODUCTS_DIR)/Parstagram.app/Parstagram";
			};
			name = Release;
		};
		94E1406C224444A800ECADF4 /* Debug */ = {
			isa = XCBuildConfiguration;
			baseConfigurationReference = 3D1191EE9F95085D6F48CB1F /* Pods-ParstagramUITests.debug.xcconfig */;
			buildSettings = {
				ALWAYS_EMBED_SWIFT_STANDARD_LIBRARIES = YES;
				CODE_SIGN_STYLE = Automatic;
				INFOPLIST_FILE = ParstagramUITests/Info.plist;
				LD_RUNPATH_SEARCH_PATHS = (
					"$(inherited)",
					"@executable_path/Frameworks",
					"@loader_path/Frameworks",
				);
				PRODUCT_BUNDLE_IDENTIFIER = RyanDowns.ParstagramUITests;
				PRODUCT_NAME = "$(TARGET_NAME)";
				SWIFT_VERSION = 4.2;
				TARGETED_DEVICE_FAMILY = "1,2";
				TEST_TARGET_NAME = Parstagram;
			};
			name = Debug;
		};
		94E1406D224444A800ECADF4 /* Release */ = {
			isa = XCBuildConfiguration;
			baseConfigurationReference = 6823FC455C862E83D3CB34CA /* Pods-ParstagramUITests.release.xcconfig */;
			buildSettings = {
				ALWAYS_EMBED_SWIFT_STANDARD_LIBRARIES = YES;
				CODE_SIGN_STYLE = Automatic;
				INFOPLIST_FILE = ParstagramUITests/Info.plist;
				LD_RUNPATH_SEARCH_PATHS = (
					"$(inherited)",
					"@executable_path/Frameworks",
					"@loader_path/Frameworks",
				);
				PRODUCT_BUNDLE_IDENTIFIER = RyanDowns.ParstagramUITests;
				PRODUCT_NAME = "$(TARGET_NAME)";
				SWIFT_VERSION = 4.2;
				TARGETED_DEVICE_FAMILY = "1,2";
				TEST_TARGET_NAME = Parstagram;
			};
			name = Release;
		};
/* End XCBuildConfiguration section */

/* Begin XCConfigurationList section */
		94E14038224444A600ECADF4 /* Build configuration list for PBXProject "Parstagram" */ = {
			isa = XCConfigurationList;
			buildConfigurations = (
				94E14063224444A800ECADF4 /* Debug */,
				94E14064224444A800ECADF4 /* Release */,
			);
			defaultConfigurationIsVisible = 0;
			defaultConfigurationName = Release;
		};
		94E14065224444A800ECADF4 /* Build configuration list for PBXNativeTarget "Parstagram" */ = {
			isa = XCConfigurationList;
			buildConfigurations = (
				94E14066224444A800ECADF4 /* Debug */,
				94E14067224444A800ECADF4 /* Release */,
			);
			defaultConfigurationIsVisible = 0;
			defaultConfigurationName = Release;
		};
		94E14068224444A800ECADF4 /* Build configuration list for PBXNativeTarget "ParstagramTests" */ = {
			isa = XCConfigurationList;
			buildConfigurations = (
				94E14069224444A800ECADF4 /* Debug */,
				94E1406A224444A800ECADF4 /* Release */,
			);
			defaultConfigurationIsVisible = 0;
			defaultConfigurationName = Release;
		};
		94E1406B224444A800ECADF4 /* Build configuration list for PBXNativeTarget "ParstagramUITests" */ = {
			isa = XCConfigurationList;
			buildConfigurations = (
				94E1406C224444A800ECADF4 /* Debug */,
				94E1406D224444A800ECADF4 /* Release */,
			);
			defaultConfigurationIsVisible = 0;
			defaultConfigurationName = Release;
		};
/* End XCConfigurationList section */
	};
	rootObject = 94E14035224444A600ECADF4 /* Project object */;
}
